
Microsoft Visual Studio Solution File, Format Version 12.00
# Visual Studio Version 16
VisualStudioVersion = 16.0.31105.61
MinimumVisualStudioVersion = 10.0.40219.1
Project("{FAE04EC0-301F-11D3-BF4B-00C04F79EFBC}") = "Enough is enough", "Enough is enough\Enough is enough.csproj", "{080BA3AE-0706-4581-9927-9C27FC0D5C32}"
EndProject
Global
	GlobalSection(SolutionConfigurationPlatforms) = preSolution
		Debug|Any CPU = Debug|Any CPU
		Release|Any CPU = Release|Any CPU
	EndGlobalSection
	GlobalSection(ProjectConfigurationPlatforms) = postSolution
		{080BA3AE-0706-4581-9927-9C27FC0D5C32}.Debug|Any CPU.ActiveCfg = Debug|Any CPU
		{080BA3AE-0706-4581-9927-9C27FC0D5C32}.Debug|Any CPU.Build.0 = Debug|Any CPU
		{080BA3AE-0706-4581-9927-9C27FC0D5C32}.Release|Any CPU.ActiveCfg = Release|Any CPU
		{080BA3AE-0706-4581-9927-9C27FC0D5C32}.Release|Any CPU.Build.0 = Release|Any CPU
	EndGlobalSection
	GlobalSection(SolutionProperties) = preSolution
		HideSolutionNode = FALSE
	EndGlobalSection
	GlobalSection(ExtensibilityGlobals) = postSolution
		SolutionGuid = {021F970E-27B9-4B83-BB9C-98D9DA29F25A}
	EndGlobalSection
EndGlobal
